
Microsoft Visual Studio Solution File, Format Version 12.00
# Visual Studio Version 17
VisualStudioVersion = 17.5.33502.453
MinimumVisualStudioVersion = 10.0.40219.1
Project("{9A19103F-16F7-4668-BE54-9A1E7A4F7556}") = "Oracle_Management_UI", "Oracle_Management_UI\Oracle_Management_UI.csproj", "{90FCAC32-1ECA-4745-B1C5-9958FE4E43C2}"
EndProject
Project("{9A19103F-16F7-4668-BE54-9A1E7A4F7556}") = "Oracle_Management_Library", "Oracle_Management_Library\Oracle_Management_Library.csproj", "{94DFDA10-1DFB-4CF5-BD11-4332AC2A9D7D}"
EndProject
Project("{9A19103F-16F7-4668-BE54-9A1E7A4F7556}") = "Oracle_Company", "Oracle_Company\Oracle_Company.csproj", "{419E3064-B1B9-4F57-A6B0-D5A067C55B5D}"
EndProject
Global
	GlobalSection(SolutionConfigurationPlatforms) = preSolution
		Debug|Any CPU = Debug|Any CPU
		Release|Any CPU = Release|Any CPU
	EndGlobalSection
	GlobalSection(ProjectConfigurationPlatforms) = postSolution
		{90FCAC32-1ECA-4745-B1C5-9958FE4E43C2}.Debug|Any CPU.ActiveCfg = Debug|Any CPU
		{90FCAC32-1ECA-4745-B1C5-9958FE4E43C2}.Debug|Any CPU.Build.0 = Debug|Any CPU
		{90FCAC32-1ECA-4745-B1C5-9958FE4E43C2}.Release|Any CPU.ActiveCfg = Release|Any CPU
		{90FCAC32-1ECA-4745-B1C5-9958FE4E43C2}.Release|Any CPU.Build.0 = Release|Any CPU
		{94DFDA10-1DFB-4CF5-BD11-4332AC2A9D7D}.Debug|Any CPU.ActiveCfg = Debug|Any CPU
		{94DFDA10-1DFB-4CF5-BD11-4332AC2A9D7D}.Debug|Any CPU.Build.0 = Debug|Any CPU
		{94DFDA10-1DFB-4CF5-BD11-4332AC2A9D7D}.Release|Any CPU.ActiveCfg = Release|Any CPU
		{94DFDA10-1DFB-4CF5-BD11-4332AC2A9D7D}.Release|Any CPU.Build.0 = Release|Any CPU
		{419E3064-B1B9-4F57-A6B0-D5A067C55B5D}.Debug|Any CPU.ActiveCfg = Debug|Any CPU
		{419E3064-B1B9-4F57-A6B0-D5A067C55B5D}.Debug|Any CPU.Build.0 = Debug|Any CPU
		{419E3064-B1B9-4F57-A6B0-D5A067C55B5D}.Release|Any CPU.ActiveCfg = Release|Any CPU
		{419E3064-B1B9-4F57-A6B0-D5A067C55B5D}.Release|Any CPU.Build.0 = Release|Any CPU
	EndGlobalSection
	GlobalSection(SolutionProperties) = preSolution
		HideSolutionNode = FALSE
	EndGlobalSection
	GlobalSection(ExtensibilityGlobals) = postSolution
		SolutionGuid = {90B94100-35E9-4ED0-9EF9-F113883E9FBB}
	EndGlobalSection
EndGlobal
